// !$*UTF8*$!
{
	archiveVersion = 1;
	classes = {
	};
	objectVersion = 50;
	objects = {

/* Begin PBXBuildFile section */
		97D0765A24C87B420036EFA9 /* quote_generatorApp.swift in Sources */ = {isa = PBXBuildFile; fileRef = 97D0765924C87B420036EFA9 /* quote_generatorApp.swift */; };
		97D0765C24C87B420036EFA9 /* ContentView.swift in Sources */ = {isa = PBXBuildFile; fileRef = 97D0765B24C87B420036EFA9 /* ContentView.swift */; };
		97D0765E24C87B450036EFA9 /* Assets.xcassets in Resources */ = {isa = PBXBuildFile; fileRef = 97D0765D24C87B450036EFA9 /* Assets.xcassets */; };
		97D0766124C87B450036EFA9 /* Preview Assets.xcassets in Resources */ = {isa = PBXBuildFile; fileRef = 97D0766024C87B450036EFA9 /* Preview Assets.xcassets */; };
		97D0768324C87B860036EFA9 /* combine-object.swift in Sources */ = {isa = PBXBuildFile; fileRef = 97D0768224C87B860036EFA9 /* combine-object.swift */; };
		97D0768B24C886670036EFA9 /* WidgetKit.framework in Frameworks */ = {isa = PBXBuildFile; fileRef = 97D0766E24C87B540036EFA9 /* WidgetKit.framework */; };
		97D0768C24C886670036EFA9 /* SwiftUI.framework in Frameworks */ = {isa = PBXBuildFile; fileRef = 97D0767024C87B540036EFA9 /* SwiftUI.framework */; };
		97D0768F24C886670036EFA9 /* Customizable_Widget.swift in Sources */ = {isa = PBXBuildFile; fileRef = 97D0768E24C886670036EFA9 /* Customizable_Widget.swift */; };
		97D0769224C8866A0036EFA9 /* Assets.xcassets in Resources */ = {isa = PBXBuildFile; fileRef = 97D0769124C8866A0036EFA9 /* Assets.xcassets */; };
		97D0769424C8866A0036EFA9 /* Customizable_Widget.intentdefinition in Sources */ = {isa = PBXBuildFile; fileRef = 97D0769024C886670036EFA9 /* Customizable_Widget.intentdefinition */; };
		97D0769524C8866A0036EFA9 /* Customizable_Widget.intentdefinition in Sources */ = {isa = PBXBuildFile; fileRef = 97D0769024C886670036EFA9 /* Customizable_Widget.intentdefinition */; };
		97D0769824C8866A0036EFA9 /* Customizable-WidgetExtension.appex in Embed App Extensions */ = {isa = PBXBuildFile; fileRef = 97D0768A24C886670036EFA9 /* Customizable-WidgetExtension.appex */; settings = {ATTRIBUTES = (RemoveHeadersOnCopy, ); }; };
		97D0769C24C886740036EFA9 /* combine-object.swift in Sources */ = {isa = PBXBuildFile; fileRef = 97D0768224C87B860036EFA9 /* combine-object.swift */; };
		97D0769D24C886740036EFA9 /* ContentView.swift in Sources */ = {isa = PBXBuildFile; fileRef = 97D0765B24C87B420036EFA9 /* ContentView.swift */; };
		97D0769F24C89E310036EFA9 /* Designing WidgetKit.md in Resources */ = {isa = PBXBuildFile; fileRef = 97D0769E24C89E310036EFA9 /* Designing WidgetKit.md */; };
/* End PBXBuildFile section */

/* Begin PBXContainerItemProxy section */
		97D0769624C8866A0036EFA9 /* PBXContainerItemProxy */ = {
			isa = PBXContainerItemProxy;
			containerPortal = 97D0764E24C87B420036EFA9 /* Project object */;
			proxyType = 1;
			remoteGlobalIDString = 97D0768924C886670036EFA9;
			remoteInfo = "Customizable-WidgetExtension";
		};
/* End PBXContainerItemProxy section */

/* Begin PBXCopyFilesBuildPhase section */
		97D0768124C87B580036EFA9 /* Embed App Extensions */ = {
			isa = PBXCopyFilesBuildPhase;
			buildActionMask = 2147483647;
			dstPath = "";
			dstSubfolderSpec = 13;
			files = (
				97D0769824C8866A0036EFA9 /* Customizable-WidgetExtension.appex in Embed App Extensions */,
			);
			name = "Embed App Extensions";
			runOnlyForDeploymentPostprocessing = 0;
		};
/* End PBXCopyFilesBuildPhase section */

/* Begin PBXFileReference section */
		97D0765624C87B420036EFA9 /* quote-generator.app */ = {isa = PBXFileReference; explicitFileType = wrapper.application; includeInIndex = 0; path = "quote-generator.app"; sourceTree = BUILT_PRODUCTS_DIR; };
		97D0765924C87B420036EFA9 /* quote_generatorApp.swift */ = {isa = PBXFileReference; lastKnownFileType = sourcecode.swift; path = quote_generatorApp.swift; sourceTree = "<group>"; };
		97D0765B24C87B420036EFA9 /* ContentView.swift */ = {isa = PBXFileReference; lastKnownFileType = sourcecode.swift; path = ContentView.swift; sourceTree = "<group>"; };
		97D0765D24C87B450036EFA9 /* Assets.xcassets */ = {isa = PBXFileReference; lastKnownFileType = folder.assetcatalog; path = Assets.xcassets; sourceTree = "<group>"; };
		97D0766024C87B450036EFA9 /* Preview Assets.xcassets */ = {isa = PBXFileReference; lastKnownFileType = folder.assetcatalog; path = "Preview Assets.xcassets"; sourceTree = "<group>"; };
		97D0766224C87B450036EFA9 /* Info.plist */ = {isa = PBXFileReference; lastKnownFileType = text.plist.xml; path = Info.plist; sourceTree = "<group>"; };
		97D0766E24C87B540036EFA9 /* WidgetKit.framework */ = {isa = PBXFileReference; lastKnownFileType = wrapper.framework; name = WidgetKit.framework; path = System/Library/Frameworks/WidgetKit.framework; sourceTree = SDKROOT; };
		97D0767024C87B540036EFA9 /* SwiftUI.framework */ = {isa = PBXFileReference; lastKnownFileType = wrapper.framework; name = SwiftUI.framework; path = System/Library/Frameworks/SwiftUI.framework; sourceTree = SDKROOT; };
		97D0768224C87B860036EFA9 /* combine-object.swift */ = {isa = PBXFileReference; lastKnownFileType = sourcecode.swift; path = "combine-object.swift"; sourceTree = "<group>"; };
		97D0768A24C886670036EFA9 /* Customizable-WidgetExtension.appex */ = {isa = PBXFileReference; explicitFileType = "wrapper.app-extension"; includeInIndex = 0; path = "Customizable-WidgetExtension.appex"; sourceTree = BUILT_PRODUCTS_DIR; };
		97D0768E24C886670036EFA9 /* Customizable_Widget.swift */ = {isa = PBXFileReference; lastKnownFileType = sourcecode.swift; path = Customizable_Widget.swift; sourceTree = "<group>"; };
		97D0769024C886670036EFA9 /* Customizable_Widget.intentdefinition */ = {isa = PBXFileReference; lastKnownFileType = file.intentdefinition; path = Customizable_Widget.intentdefinition; sourceTree = "<group>"; };
		97D0769124C8866A0036EFA9 /* Assets.xcassets */ = {isa = PBXFileReference; lastKnownFileType = folder.assetcatalog; path = Assets.xcassets; sourceTree = "<group>"; };
		97D0769324C8866A0036EFA9 /* Info.plist */ = {isa = PBXFileReference; lastKnownFileType = text.plist.xml; path = Info.plist; sourceTree = "<group>"; };
		97D0769E24C89E310036EFA9 /* Designing WidgetKit.md */ = {isa = PBXFileReference; lastKnownFileType = net.daringfireball.markdown; path = "Designing WidgetKit.md"; sourceTree = "<group>"; };
/* End PBXFileReference section */

/* Begin PBXFrameworksBuildPhase section */
		97D0765324C87B420036EFA9 /* Frameworks */ = {
			isa = PBXFrameworksBuildPhase;
			buildActionMask = 2147483647;
			files = (
			);
			runOnlyForDeploymentPostprocessing = 0;
		};
		97D0768724C886670036EFA9 /* Frameworks */ = {
			isa = PBXFrameworksBuildPhase;
			buildActionMask = 2147483647;
			files = (
				97D0768C24C886670036EFA9 /* SwiftUI.framework in Frameworks */,
				97D0768B24C886670036EFA9 /* WidgetKit.framework in Frameworks */,
			);
			runOnlyForDeploymentPostprocessing = 0;
		};
/* End PBXFrameworksBuildPhase section */

/* Begin PBXGroup section */
		97D0764D24C87B420036EFA9 = {
			isa = PBXGroup;
			children = (
				97D0769E24C89E310036EFA9 /* Designing WidgetKit.md */,
				97D0765824C87B420036EFA9 /* quote-generator */,
				97D0768D24C886670036EFA9 /* Customizable-Widget */,
				97D0766D24C87B540036EFA9 /* Frameworks */,
				97D0765724C87B420036EFA9 /* Products */,
			);
			sourceTree = "<group>";
		};
		97D0765724C87B420036EFA9 /* Products */ = {
			isa = PBXGroup;
			children = (
				97D0765624C87B420036EFA9 /* quote-generator.app */,
				97D0768A24C886670036EFA9 /* Customizable-WidgetExtension.appex */,
			);
			name = Products;
			sourceTree = "<group>";
		};
		97D0765824C87B420036EFA9 /* quote-generator */ = {
			isa = PBXGroup;
			children = (
				97D0765924C87B420036EFA9 /* quote_generatorApp.swift */,
				97D0765B24C87B420036EFA9 /* ContentView.swift */,
				97D0765D24C87B450036EFA9 /* Assets.xcassets */,
				97D0766224C87B450036EFA9 /* Info.plist */,
				97D0765F24C87B450036EFA9 /* Preview Content */,
				97D0768224C87B860036EFA9 /* combine-object.swift */,
			);
			path = "quote-generator";
			sourceTree = "<group>";
		};
		97D0765F24C87B450036EFA9 /* Preview Content */ = {
			isa = PBXGroup;
			children = (
				97D0766024C87B450036EFA9 /* Preview Assets.xcassets */,
			);
			path = "Preview Content";
			sourceTree = "<group>";
		};
		97D0766D24C87B540036EFA9 /* Frameworks */ = {
			isa = PBXGroup;
			children = (
				97D0766E24C87B540036EFA9 /* WidgetKit.framework */,
				97D0767024C87B540036EFA9 /* SwiftUI.framework */,
			);
			name = Frameworks;
			sourceTree = "<group>";
		};
		97D0768D24C886670036EFA9 /* Customizable-Widget */ = {
			isa = PBXGroup;
			children = (
				97D0768E24C886670036EFA9 /* Customizable_Widget.swift */,
				97D0769024C886670036EFA9 /* Customizable_Widget.intentdefinition */,
				97D0769124C8866A0036EFA9 /* Assets.xcassets */,
				97D0769324C8866A0036EFA9 /* Info.plist */,
			);
			path = "Customizable-Widget";
			sourceTree = "<group>";
		};
/* End PBXGroup section */

/* Begin PBXNativeTarget section */
		97D0765524C87B420036EFA9 /* quote-generator */ = {
			isa = PBXNativeTarget;
			buildConfigurationList = 97D0766524C87B450036EFA9 /* Build configuration list for PBXNativeTarget "quote-generator" */;
			buildPhases = (
				97D0765224C87B420036EFA9 /* Sources */,
				97D0765324C87B420036EFA9 /* Frameworks */,
				97D0765424C87B420036EFA9 /* Resources */,
				97D0768124C87B580036EFA9 /* Embed App Extensions */,
			);
			buildRules = (
			);
			dependencies = (
				97D0769724C8866A0036EFA9 /* PBXTargetDependency */,
			);
			name = "quote-generator";
			productName = "quote-generator";
			productReference = 97D0765624C87B420036EFA9 /* quote-generator.app */;
			productType = "com.apple.product-type.application";
		};
		97D0768924C886670036EFA9 /* Customizable-WidgetExtension */ = {
			isa = PBXNativeTarget;
			buildConfigurationList = 97D0769924C8866A0036EFA9 /* Build configuration list for PBXNativeTarget "Customizable-WidgetExtension" */;
			buildPhases = (
				97D0768624C886670036EFA9 /* Sources */,
				97D0768724C886670036EFA9 /* Frameworks */,
				97D0768824C886670036EFA9 /* Resources */,
			);
			buildRules = (
			);
			dependencies = (
			);
			name = "Customizable-WidgetExtension";
			productName = "Customizable-WidgetExtension";
			productReference = 97D0768A24C886670036EFA9 /* Customizable-WidgetExtension.appex */;
			productType = "com.apple.product-type.app-extension";
		};
/* End PBXNativeTarget section */

/* Begin PBXProject section */
		97D0764E24C87B420036EFA9 /* Project object */ = {
			isa = PBXProject;
			attributes = {
				LastSwiftUpdateCheck = 1200;
				LastUpgradeCheck = 1200;
				TargetAttributes = {
					97D0765524C87B420036EFA9 = {
						CreatedOnToolsVersion = 12.0;
					};
					97D0768924C886670036EFA9 = {
						CreatedOnToolsVersion = 12.0;
					};
				};
			};
			buildConfigurationList = 97D0765124C87B420036EFA9 /* Build configuration list for PBXProject "quote-generator" */;
			compatibilityVersion = "Xcode 9.3";
			developmentRegion = en;
			hasScannedForEncodings = 0;
			knownRegions = (
				en,
				Base,
			);
			mainGroup = 97D0764D24C87B420036EFA9;
			productRefGroup = 97D0765724C87B420036EFA9 /* Products */;
			projectDirPath = "";
			projectRoot = "";
			targets = (
				97D0765524C87B420036EFA9 /* quote-generator */,
				97D0768924C886670036EFA9 /* Customizable-WidgetExtension */,
			);
		};
/* End PBXProject section */

/* Begin PBXResourcesBuildPhase section */
		97D0765424C87B420036EFA9 /* Resources */ = {
			isa = PBXResourcesBuildPhase;
			buildActionMask = 2147483647;
			files = (
				97D0766124C87B450036EFA9 /* Preview Assets.xcassets in Resources */,
				97D0769F24C89E310036EFA9 /* Designing WidgetKit.md in Resources */,
				97D0765E24C87B450036EFA9 /* Assets.xcassets in Resources */,
			);
			runOnlyForDeploymentPostprocessing = 0;
		};
		97D0768824C886670036EFA9 /* Resources */ = {
			isa = PBXResourcesBuildPhase;
			buildActionMask = 2147483647;
			files = (
				97D0769224C8866A0036EFA9 /* Assets.xcassets in Resources */,
			);
			runOnlyForDeploymentPostprocessing = 0;
		};
/* End PBXResourcesBuildPhase section */

/* Begin PBXSourcesBuildPhase section */
		97D0765224C87B420036EFA9 /* Sources */ = {
			isa = PBXSourcesBuildPhase;
			buildActionMask = 2147483647;
			files = (
				97D0768324C87B860036EFA9 /* combine-object.swift in Sources */,
				97D0769524C8866A0036EFA9 /* Customizable_Widget.intentdefinition in Sources */,
				97D0765C24C87B420036EFA9 /* ContentView.swift in Sources */,
				97D0765A24C87B420036EFA9 /* quote_generatorApp.swift in Sources */,
			);
			runOnlyForDeploymentPostprocessing = 0;
		};
		97D0768624C886670036EFA9 /* Sources */ = {
			isa = PBXSourcesBuildPhase;
			buildActionMask = 2147483647;
			files = (
				97D0769C24C886740036EFA9 /* combine-object.swift in Sources */,
				97D0769424C8866A0036EFA9 /* Customizable_Widget.intentdefinition in Sources */,
				97D0769D24C886740036EFA9 /* ContentView.swift in Sources */,
				97D0768F24C886670036EFA9 /* Customizable_Widget.swift in Sources */,
			);
			runOnlyForDeploymentPostprocessing = 0;
		};
/* End PBXSourcesBuildPhase section */

/* Begin PBXTargetDependency section */
		97D0769724C8866A0036EFA9 /* PBXTargetDependency */ = {
			isa = PBXTargetDependency;
			target = 97D0768924C886670036EFA9 /* Customizable-WidgetExtension */;
			targetProxy = 97D0769624C8866A0036EFA9 /* PBXContainerItemProxy */;
		};
/* End PBXTargetDependency section */

/* Begin XCBuildConfiguration section */
		97D0766324C87B450036EFA9 /* Debug */ = {
			isa = XCBuildConfiguration;
			buildSettings = {
				ALWAYS_SEARCH_USER_PATHS = NO;
				CLANG_ANALYZER_NONNULL = YES;
				CLANG_ANALYZER_NUMBER_OBJECT_CONVERSION = YES_AGGRESSIVE;
				CLANG_CXX_LANGUAGE_STANDARD = "gnu++14";
				CLANG_CXX_LIBRARY = "libc++";
				CLANG_ENABLE_MODULES = YES;
				CLANG_ENABLE_OBJC_ARC = YES;
				CLANG_ENABLE_OBJC_WEAK = YES;
				CLANG_WARN_BLOCK_CAPTURE_AUTORELEASING = YES;
				CLANG_WARN_BOOL_CONVERSION = YES;
				CLANG_WARN_COMMA = YES;
				CLANG_WARN_CONSTANT_CONVERSION = YES;
				CLANG_WARN_DEPRECATED_OBJC_IMPLEMENTATIONS = YES;
				CLANG_WARN_DIRECT_OBJC_ISA_USAGE = YES_ERROR;
				CLANG_WARN_DOCUMENTATION_COMMENTS = YES;
				CLANG_WARN_EMPTY_BODY = YES;
				CLANG_WARN_ENUM_CONVERSION = YES;
				CLANG_WARN_INFINITE_RECURSION = YES;
				CLANG_WARN_INT_CONVERSION = YES;
				CLANG_WARN_NON_LITERAL_NULL_CONVERSION = YES;
				CLANG_WARN_OBJC_IMPLICIT_RETAIN_SELF = YES;
				CLANG_WARN_OBJC_LITERAL_CONVERSION = YES;
				CLANG_WARN_OBJC_ROOT_CLASS = YES_ERROR;
				CLANG_WARN_QUOTED_INCLUDE_IN_FRAMEWORK_HEADER = YES;
				CLANG_WARN_RANGE_LOOP_ANALYSIS = YES;
				CLANG_WARN_STRICT_PROTOTYPES = YES;
				CLANG_WARN_SUSPICIOUS_MOVE = YES;
				CLANG_WARN_UNGUARDED_AVAILABILITY = YES_AGGRESSIVE;
				CLANG_WARN_UNREACHABLE_CODE = YES;
				CLANG_WARN__DUPLICATE_METHOD_MATCH = YES;
				COPY_PHASE_STRIP = NO;
				DEBUG_INFORMATION_FORMAT = dwarf;
				ENABLE_STRICT_OBJC_MSGSEND = YES;
				ENABLE_TESTABILITY = YES;
				GCC_C_LANGUAGE_STANDARD = gnu11;
				GCC_DYNAMIC_NO_PIC = NO;
				GCC_NO_COMMON_BLOCKS = YES;
				GCC_OPTIMIZATION_LEVEL = 0;
				GCC_PREPROCESSOR_DEFINITIONS = (
					"DEBUG=1",
					"$(inherited)",
				);
				GCC_WARN_64_TO_32_BIT_CONVERSION = YES;
				GCC_WARN_ABOUT_RETURN_TYPE = YES_ERROR;
				GCC_WARN_UNDECLARED_SELECTOR = YES;
				GCC_WARN_UNINITIALIZED_AUTOS = YES_AGGRESSIVE;
				GCC_WARN_UNUSED_FUNCTION = YES;
				GCC_WARN_UNUSED_VARIABLE = YES;
				IPHONEOS_DEPLOYMENT_TARGET = 14.0;
				MTL_ENABLE_DEBUG_INFO = INCLUDE_SOURCE;
				MTL_FAST_MATH = YES;
				ONLY_ACTIVE_ARCH = YES;
				SDKROOT = iphoneos;
				SWIFT_ACTIVE_COMPILATION_CONDITIONS = DEBUG;
				SWIFT_OPTIMIZATION_LEVEL = "-Onone";
			};
			name = Debug;
		};
		97D0766424C87B450036EFA9 /* Release */ = {
			isa = XCBuildConfiguration;
			buildSettings = {
				ALWAYS_SEARCH_USER_PATHS = NO;
				CLANG_ANALYZER_NONNULL = YES;
				CLANG_ANALYZER_NUMBER_OBJECT_CONVERSION = YES_AGGRESSIVE;
				CLANG_CXX_LANGUAGE_STANDARD = "gnu++14";
				CLANG_CXX_LIBRARY = "libc++";
				CLANG_ENABLE_MODULES = YES;
				CLANG_ENABLE_OBJC_ARC = YES;
				CLANG_ENABLE_OBJC_WEAK = YES;
				CLANG_WARN_BLOCK_CAPTURE_AUTORELEASING = YES;
				CLANG_WARN_BOOL_CONVERSION = YES;
				CLANG_WARN_COMMA = YES;
				CLANG_WARN_CONSTANT_CONVERSION = YES;
				CLANG_WARN_DEPRECATED_OBJC_IMPLEMENTATIONS = YES;
				CLANG_WARN_DIRECT_OBJC_ISA_USAGE = YES_ERROR;
				CLANG_WARN_DOCUMENTATION_COMMENTS = YES;
				CLANG_WARN_EMPTY_BODY = YES;
				CLANG_WARN_ENUM_CONVERSION = YES;
				CLANG_WARN_INFINITE_RECURSION = YES;
				CLANG_WARN_INT_CONVERSION = YES;
				CLANG_WARN_NON_LITERAL_NULL_CONVERSION = YES;
				CLANG_WARN_OBJC_IMPLICIT_RETAIN_SELF = YES;
				CLANG_WARN_OBJC_LITERAL_CONVERSION = YES;
				CLANG_WARN_OBJC_ROOT_CLASS = YES_ERROR;
				CLANG_WARN_QUOTED_INCLUDE_IN_FRAMEWORK_HEADER = YES;
				CLANG_WARN_RANGE_LOOP_ANALYSIS = YES;
				CLANG_WARN_STRICT_PROTOTYPES = YES;
				CLANG_WARN_SUSPICIOUS_MOVE = YES;
				CLANG_WARN_UNGUARDED_AVAILABILITY = YES_AGGRESSIVE;
				CLANG_WARN_UNREACHABLE_CODE = YES;
				CLANG_WARN__DUPLICATE_METHOD_MATCH = YES;
				COPY_PHASE_STRIP = NO;
				DEBUG_INFORMATION_FORMAT = "dwarf-with-dsym";
				ENABLE_NS_ASSERTIONS = NO;
				ENABLE_STRICT_OBJC_MSGSEND = YES;
				GCC_C_LANGUAGE_STANDARD = gnu11;
				GCC_NO_COMMON_BLOCKS = YES;
				GCC_WARN_64_TO_32_BIT_CONVERSION = YES;
				GCC_WARN_ABOUT_RETURN_TYPE = YES_ERROR;
				GCC_WARN_UNDECLARED_SELECTOR = YES;
				GCC_WARN_UNINITIALIZED_AUTOS = YES_AGGRESSIVE;
				GCC_WARN_UNUSED_FUNCTION = YES;
				GCC_WARN_UNUSED_VARIABLE = YES;
				IPHONEOS_DEPLOYMENT_TARGET = 14.0;
				MTL_ENABLE_DEBUG_INFO = NO;
				MTL_FAST_MATH = YES;
				SDKROOT = iphoneos;
				SWIFT_COMPILATION_MODE = wholemodule;
				SWIFT_OPTIMIZATION_LEVEL = "-O";
				VALIDATE_PRODUCT = YES;
			};
			name = Release;
		};
		97D0766624C87B450036EFA9 /* Debug */ = {
			isa = XCBuildConfiguration;
			buildSettings = {
				ALWAYS_EMBED_SWIFT_STANDARD_LIBRARIES = YES;
				ASSETCATALOG_COMPILER_APPICON_NAME = AppIcon;
				ASSETCATALOG_COMPILER_GLOBAL_ACCENT_COLOR_NAME = AccentColor;
				CODE_SIGN_STYLE = Automatic;
				DEVELOPMENT_ASSET_PATHS = "\"quote-generator/Preview Content\"";
				DEVELOPMENT_TEAM = 4V68K5SXS9;
				ENABLE_PREVIEWS = YES;
				INFOPLIST_FILE = "quote-generator/Info.plist";
				IPHONEOS_DEPLOYMENT_TARGET = 14.0;
				LD_RUNPATH_SEARCH_PATHS = (
					"$(inherited)",
					"@executable_path/Frameworks",
				);
				PRODUCT_BUNDLE_IDENTIFIER = "Ralasi.quote-generator";
				PRODUCT_NAME = "$(TARGET_NAME)";
				SWIFT_VERSION = 5.0;
				TARGETED_DEVICE_FAMILY = "1,2";
			};
			name = Debug;
		};
		97D0766724C87B450036EFA9 /* Release */ = {
			isa = XCBuildConfiguration;
			buildSettings = {
				ALWAYS_EMBED_SWIFT_STANDARD_LIBRARIES = YES;
				ASSETCATALOG_COMPILER_APPICON_NAME = AppIcon;
				ASSETCATALOG_COMPILER_GLOBAL_ACCENT_COLOR_NAME = AccentColor;
				CODE_SIGN_STYLE = Automatic;
				DEVELOPMENT_ASSET_PATHS = "\"quote-generator/Preview Content\"";
				DEVELOPMENT_TEAM = 4V68K5SXS9;
				ENABLE_PREVIEWS = YES;
				INFOPLIST_FILE = "quote-generator/Info.plist";
				IPHONEOS_DEPLOYMENT_TARGET = 14.0;
				LD_RUNPATH_SEARCH_PATHS = (
					"$(inherited)",
					"@executable_path/Frameworks",
				);
				PRODUCT_BUNDLE_IDENTIFIER = "Ralasi.quote-generator";
				PRODUCT_NAME = "$(TARGET_NAME)";
				SWIFT_VERSION = 5.0;
				TARGETED_DEVICE_FAMILY = "1,2";
			};
			name = Release;
		};
		97D0769A24C8866A0036EFA9 /* Debug */ = {
			isa = XCBuildConfiguration;
			buildSettings = {
				ASSETCATALOG_COMPILER_GLOBAL_ACCENT_COLOR_NAME = AccentColor;
				ASSETCATALOG_COMPILER_WIDGET_BACKGROUND_COLOR_NAME = WidgetBackground;
				CODE_SIGN_STYLE = Automatic;
				DEVELOPMENT_TEAM = 4V68K5SXS9;
				INFOPLIST_FILE = "Customizable-Widget/Info.plist";
				LD_RUNPATH_SEARCH_PATHS = (
					"$(inherited)",
					"@executable_path/Frameworks",
					"@executable_path/../../Frameworks",
				);
				PRODUCT_BUNDLE_IDENTIFIER = "Ralasi.quote-generator.Customizable-Widget";
				PRODUCT_NAME = "$(TARGET_NAME)";
				SKIP_INSTALL = YES;
				SWIFT_VERSION = 5.0;
				TARGETED_DEVICE_FAMILY = "1,2";
			};
			name = Debug;
		};
		97D0769B24C8866A0036EFA9 /* Release */ = {
			isa = XCBuildConfiguration;
			buildSettings = {
				ASSETCATALOG_COMPILER_GLOBAL_ACCENT_COLOR_NAME = AccentColor;
				ASSETCATALOG_COMPILER_WIDGET_BACKGROUND_COLOR_NAME = WidgetBackground;
				CODE_SIGN_STYLE = Automatic;
				DEVELOPMENT_TEAM = 4V68K5SXS9;
				INFOPLIST_FILE = "Customizable-Widget/Info.plist";
				LD_RUNPATH_SEARCH_PATHS = (
					"$(inherited)",
					"@executable_path/Frameworks",
					"@executable_path/../../Frameworks",
				);
				PRODUCT_BUNDLE_IDENTIFIER = "Ralasi.quote-generator.Customizable-Widget";
				PRODUCT_NAME = "$(TARGET_NAME)";
				SKIP_INSTALL = YES;
				SWIFT_VERSION = 5.0;
				TARGETED_DEVICE_FAMILY = "1,2";
			};
			name = Release;
		};
/* End XCBuildConfiguration section */

/* Begin XCConfigurationList section */
		97D0765124C87B420036EFA9 /* Build configuration list for PBXProject "quote-generator" */ = {
			isa = XCConfigurationList;
			buildConfigurations = (
				97D0766324C87B450036EFA9 /* Debug */,
				97D0766424C87B450036EFA9 /* Release */,
			);
			defaultConfigurationIsVisible = 0;
			defaultConfigurationName = Release;
		};
		97D0766524C87B450036EFA9 /* Build configuration list for PBXNativeTarget "quote-generator" */ = {
			isa = XCConfigurationList;
			buildConfigurations = (
				97D0766624C87B450036EFA9 /* Debug */,
				97D0766724C87B450036EFA9 /* Release */,
			);
			defaultConfigurationIsVisible = 0;
			defaultConfigurationName = Release;
		};
		97D0769924C8866A0036EFA9 /* Build configuration list for PBXNativeTarget "Customizable-WidgetExtension" */ = {
			isa = XCConfigurationList;
			buildConfigurations = (
				97D0769A24C8866A0036EFA9 /* Debug */,
				97D0769B24C8866A0036EFA9 /* Release */,
			);
			defaultConfigurationIsVisible = 0;
			defaultConfigurationName = Release;
		};
/* End XCConfigurationList section */
	};
	rootObject = 97D0764E24C87B420036EFA9 /* Project object */;
}
